
Microsoft Visual Studio Solution File, Format Version 12.00
# Visual Studio Version 16
VisualStudioVersion = 16.0.31624.102
MinimumVisualStudioVersion = 10.0.40219.1
Project("{FAE04EC0-301F-11D3-BF4B-00C04F79EFBC}") = "PeopleApp", "PeopleApp.csproj", "{ED26A327-301A-47BE-ABBA-991D33402AA9}"
EndProject
Global
	GlobalSection(SolutionConfigurationPlatforms) = preSolution
		Debug|Any CPU = Debug|Any CPU
		Release|Any CPU = Release|Any CPU
	EndGlobalSection
	GlobalSection(ProjectConfigurationPlatforms) = postSolution
		{ED26A327-301A-47BE-ABBA-991D33402AA9}.Debug|Any CPU.ActiveCfg = Debug|Any CPU
		{ED26A327-301A-47BE-ABBA-991D33402AA9}.Debug|Any CPU.Build.0 = Debug|Any CPU
		{ED26A327-301A-47BE-ABBA-991D33402AA9}.Release|Any CPU.ActiveCfg = Release|Any CPU
		{ED26A327-301A-47BE-ABBA-991D33402AA9}.Release|Any CPU.Build.0 = Release|Any CPU
	EndGlobalSection
	GlobalSection(SolutionProperties) = preSolution
		HideSolutionNode = FALSE
	EndGlobalSection
	GlobalSection(ExtensibilityGlobals) = postSolution
		SolutionGuid = {D63E77DD-2DEC-4961-A435-B3F1DC856D33}
	EndGlobalSection
EndGlobal
