
Microsoft Visual Studio Solution File, Format Version 12.00
# Visual Studio Version 16
VisualStudioVersion = 16.0.31624.102
MinimumVisualStudioVersion = 10.0.40219.1
Project("{FAE04EC0-301F-11D3-BF4B-00C04F79EFBC}") = "unit test 1 - q3", "unit test 1 - q3.csproj", "{251A11EB-5B74-4BDE-83AC-43757A99CC37}"
EndProject
Global
	GlobalSection(SolutionConfigurationPlatforms) = preSolution
		Debug|Any CPU = Debug|Any CPU
		Release|Any CPU = Release|Any CPU
	EndGlobalSection
	GlobalSection(ProjectConfigurationPlatforms) = postSolution
		{251A11EB-5B74-4BDE-83AC-43757A99CC37}.Debug|Any CPU.ActiveCfg = Debug|Any CPU
		{251A11EB-5B74-4BDE-83AC-43757A99CC37}.Debug|Any CPU.Build.0 = Debug|Any CPU
		{251A11EB-5B74-4BDE-83AC-43757A99CC37}.Release|Any CPU.ActiveCfg = Release|Any CPU
		{251A11EB-5B74-4BDE-83AC-43757A99CC37}.Release|Any CPU.Build.0 = Release|Any CPU
	EndGlobalSection
	GlobalSection(SolutionProperties) = preSolution
		HideSolutionNode = FALSE
	EndGlobalSection
	GlobalSection(ExtensibilityGlobals) = postSolution
		SolutionGuid = {629B4701-BFCC-4BC9-BAC3-0F52428BF038}
	EndGlobalSection
EndGlobal
