
Microsoft Visual Studio Solution File, Format Version 12.00
# Visual Studio Version 16
VisualStudioVersion = 16.0.31624.102
MinimumVisualStudioVersion = 10.0.40219.1
Project("{FAE04EC0-301F-11D3-BF4B-00C04F79EFBC}") = "Unit Test 1 - q2", "Unit Test 1 - q2.csproj", "{340AE8D7-FE26-42E6-8B49-5E77602A168D}"
EndProject
Global
	GlobalSection(SolutionConfigurationPlatforms) = preSolution
		Debug|Any CPU = Debug|Any CPU
		Release|Any CPU = Release|Any CPU
	EndGlobalSection
	GlobalSection(ProjectConfigurationPlatforms) = postSolution
		{340AE8D7-FE26-42E6-8B49-5E77602A168D}.Debug|Any CPU.ActiveCfg = Debug|Any CPU
		{340AE8D7-FE26-42E6-8B49-5E77602A168D}.Debug|Any CPU.Build.0 = Debug|Any CPU
		{340AE8D7-FE26-42E6-8B49-5E77602A168D}.Release|Any CPU.ActiveCfg = Release|Any CPU
		{340AE8D7-FE26-42E6-8B49-5E77602A168D}.Release|Any CPU.Build.0 = Release|Any CPU
	EndGlobalSection
	GlobalSection(SolutionProperties) = preSolution
		HideSolutionNode = FALSE
	EndGlobalSection
	GlobalSection(ExtensibilityGlobals) = postSolution
		SolutionGuid = {293E2227-90DA-4A73-A2AA-FC1C875C6D9C}
	EndGlobalSection
EndGlobal
