
Microsoft Visual Studio Solution File, Format Version 12.00
# Visual Studio Version 16
VisualStudioVersion = 16.0.31624.102
MinimumVisualStudioVersion = 10.0.40219.1
Project("{FAE04EC0-301F-11D3-BF4B-00C04F79EFBC}") = "Mad Libs", "Mad Libs.csproj", "{392D939F-C677-44D5-8AE9-822889972840}"
EndProject
Global
	GlobalSection(SolutionConfigurationPlatforms) = preSolution
		Debug|Any CPU = Debug|Any CPU
		Release|Any CPU = Release|Any CPU
	EndGlobalSection
	GlobalSection(ProjectConfigurationPlatforms) = postSolution
		{392D939F-C677-44D5-8AE9-822889972840}.Debug|Any CPU.ActiveCfg = Debug|Any CPU
		{392D939F-C677-44D5-8AE9-822889972840}.Debug|Any CPU.Build.0 = Debug|Any CPU
		{392D939F-C677-44D5-8AE9-822889972840}.Release|Any CPU.ActiveCfg = Release|Any CPU
		{392D939F-C677-44D5-8AE9-822889972840}.Release|Any CPU.Build.0 = Release|Any CPU
	EndGlobalSection
	GlobalSection(SolutionProperties) = preSolution
		HideSolutionNode = FALSE
	EndGlobalSection
	GlobalSection(ExtensibilityGlobals) = postSolution
		SolutionGuid = {29C9296C-EFBD-49F8-B9BE-64030917293E}
	EndGlobalSection
EndGlobal
