
Microsoft Visual Studio Solution File, Format Version 12.00
# Visual Studio Version 16
VisualStudioVersion = 16.0.31624.102
MinimumVisualStudioVersion = 10.0.40219.1
Project("{FAE04EC0-301F-11D3-BF4B-00C04F79EFBC}") = "PE8_q9", "PE8_q9.csproj", "{06F97F0D-4D0E-4859-9BA6-43F3EC118387}"
EndProject
Global
	GlobalSection(SolutionConfigurationPlatforms) = preSolution
		Debug|Any CPU = Debug|Any CPU
		Release|Any CPU = Release|Any CPU
	EndGlobalSection
	GlobalSection(ProjectConfigurationPlatforms) = postSolution
		{06F97F0D-4D0E-4859-9BA6-43F3EC118387}.Debug|Any CPU.ActiveCfg = Debug|Any CPU
		{06F97F0D-4D0E-4859-9BA6-43F3EC118387}.Debug|Any CPU.Build.0 = Debug|Any CPU
		{06F97F0D-4D0E-4859-9BA6-43F3EC118387}.Release|Any CPU.ActiveCfg = Release|Any CPU
		{06F97F0D-4D0E-4859-9BA6-43F3EC118387}.Release|Any CPU.Build.0 = Release|Any CPU
	EndGlobalSection
	GlobalSection(SolutionProperties) = preSolution
		HideSolutionNode = FALSE
	EndGlobalSection
	GlobalSection(ExtensibilityGlobals) = postSolution
		SolutionGuid = {5D7BC1F5-CD9B-427E-9A52-5DBEA46D0975}
	EndGlobalSection
EndGlobal
