
Microsoft Visual Studio Solution File, Format Version 12.00
# Visual Studio Version 16
VisualStudioVersion = 16.0.31729.503
MinimumVisualStudioVersion = 10.0.40219.1
Project("{FAE04EC0-301F-11D3-BF4B-00C04F79EFBC}") = "Q4_ClassLib", "Q4_ClassLib.csproj", "{D76F2684-13E8-41FC-B52A-99763D26D5AE}"
EndProject
Global
	GlobalSection(SolutionConfigurationPlatforms) = preSolution
		Debug|Any CPU = Debug|Any CPU
		Release|Any CPU = Release|Any CPU
	EndGlobalSection
	GlobalSection(ProjectConfigurationPlatforms) = postSolution
		{D76F2684-13E8-41FC-B52A-99763D26D5AE}.Debug|Any CPU.ActiveCfg = Debug|Any CPU
		{D76F2684-13E8-41FC-B52A-99763D26D5AE}.Debug|Any CPU.Build.0 = Debug|Any CPU
		{D76F2684-13E8-41FC-B52A-99763D26D5AE}.Release|Any CPU.ActiveCfg = Release|Any CPU
		{D76F2684-13E8-41FC-B52A-99763D26D5AE}.Release|Any CPU.Build.0 = Release|Any CPU
	EndGlobalSection
	GlobalSection(SolutionProperties) = preSolution
		HideSolutionNode = FALSE
	EndGlobalSection
	GlobalSection(ExtensibilityGlobals) = postSolution
		SolutionGuid = {AB8F18E8-F077-440B-A01F-81B05FA57612}
	EndGlobalSection
EndGlobal
