
Microsoft Visual Studio Solution File, Format Version 12.00
# Visual Studio Version 16
VisualStudioVersion = 16.0.31624.102
MinimumVisualStudioVersion = 10.0.40219.1
Project("{FAE04EC0-301F-11D3-BF4B-00C04F79EFBC}") = "Unit Test 1 - q1", "Unit Test 1 - q1.csproj", "{A5E93BE5-25C0-4742-88F2-0E3460672A25}"
EndProject
Global
	GlobalSection(SolutionConfigurationPlatforms) = preSolution
		Debug|Any CPU = Debug|Any CPU
		Release|Any CPU = Release|Any CPU
	EndGlobalSection
	GlobalSection(ProjectConfigurationPlatforms) = postSolution
		{A5E93BE5-25C0-4742-88F2-0E3460672A25}.Debug|Any CPU.ActiveCfg = Debug|Any CPU
		{A5E93BE5-25C0-4742-88F2-0E3460672A25}.Debug|Any CPU.Build.0 = Debug|Any CPU
		{A5E93BE5-25C0-4742-88F2-0E3460672A25}.Release|Any CPU.ActiveCfg = Release|Any CPU
		{A5E93BE5-25C0-4742-88F2-0E3460672A25}.Release|Any CPU.Build.0 = Release|Any CPU
	EndGlobalSection
	GlobalSection(SolutionProperties) = preSolution
		HideSolutionNode = FALSE
	EndGlobalSection
	GlobalSection(ExtensibilityGlobals) = postSolution
		SolutionGuid = {691D119F-E2D2-4478-839F-CF6B9A471CC3}
	EndGlobalSection
EndGlobal
