
Microsoft Visual Studio Solution File, Format Version 12.00
# Visual Studio Version 16
VisualStudioVersion = 16.0.31624.102
MinimumVisualStudioVersion = 10.0.40219.1
Project("{FAE04EC0-301F-11D3-BF4B-00C04F79EFBC}") = "Classy", "Classy.csproj", "{97FBAAE7-B1DC-4CC9-89A6-0BFE95B6CF09}"
EndProject
Global
	GlobalSection(SolutionConfigurationPlatforms) = preSolution
		Debug|Any CPU = Debug|Any CPU
		Release|Any CPU = Release|Any CPU
	EndGlobalSection
	GlobalSection(ProjectConfigurationPlatforms) = postSolution
		{97FBAAE7-B1DC-4CC9-89A6-0BFE95B6CF09}.Debug|Any CPU.ActiveCfg = Debug|Any CPU
		{97FBAAE7-B1DC-4CC9-89A6-0BFE95B6CF09}.Debug|Any CPU.Build.0 = Debug|Any CPU
		{97FBAAE7-B1DC-4CC9-89A6-0BFE95B6CF09}.Release|Any CPU.ActiveCfg = Release|Any CPU
		{97FBAAE7-B1DC-4CC9-89A6-0BFE95B6CF09}.Release|Any CPU.Build.0 = Release|Any CPU
	EndGlobalSection
	GlobalSection(SolutionProperties) = preSolution
		HideSolutionNode = FALSE
	EndGlobalSection
	GlobalSection(ExtensibilityGlobals) = postSolution
		SolutionGuid = {DD332F27-59D0-4896-A770-413AE61089F8}
	EndGlobalSection
EndGlobal
